{
  "requires": true,
  "lockfileVersion": 1,
  "dependencies": {
    "pure": {
      "version": "2.85.0",
      "resolved": "http://registry.npm.taobao.org/pure/download/pure-2.85.0.tgz"
    },
    "purecss": {
      "version": "1.0.0",
      "resolved": "https://registry.npmjs.org/purecss/-/purecss-1.0.0.tgz",
      "integrity": "sha512-gfC78WCOWNnfkzulx9aoWwcl+0JflhwKeJ+k9s/ZyIawfYNA4bqBmt0DtfgtQK9iuYMtGfbdE8R2AQMjSWR2VQ=="
    }
  }
}
